
Microsoft Visual Studio Solution File, Format Version 12.00
# Visual Studio Version 17
VisualStudioVersion = 17.6.33815.320
MinimumVisualStudioVersion = 10.0.40219.1
Project("{FAE04EC0-301F-11D3-BF4B-00C04F79EFBC}") = "Controls3", "Controls3\Controls3.csproj", "{C047E0EB-EACE-4B70-86A4-4FE9C325A6B6}"
EndProject
Global
	GlobalSection(SolutionConfigurationPlatforms) = preSolution
		Debug|Any CPU = Debug|Any CPU
		Release|Any CPU = Release|Any CPU
	EndGlobalSection
	GlobalSection(ProjectConfigurationPlatforms) = postSolution
		{C047E0EB-EACE-4B70-86A4-4FE9C325A6B6}.Debug|Any CPU.ActiveCfg = Debug|Any CPU
		{C047E0EB-EACE-4B70-86A4-4FE9C325A6B6}.Debug|Any CPU.Build.0 = Debug|Any CPU
		{C047E0EB-EACE-4B70-86A4-4FE9C325A6B6}.Release|Any CPU.ActiveCfg = Release|Any CPU
		{C047E0EB-EACE-4B70-86A4-4FE9C325A6B6}.Release|Any CPU.Build.0 = Release|Any CPU
	EndGlobalSection
	GlobalSection(SolutionProperties) = preSolution
		HideSolutionNode = FALSE
	EndGlobalSection
	GlobalSection(ExtensibilityGlobals) = postSolution
		SolutionGuid = {603E5648-3B40-4ECD-9079-0D24EA94876E}
	EndGlobalSection
EndGlobal
